// !$*UTF8*$!
{
	archiveVersion = 1;
	classes = {
	};
	objectVersion = 56;
	objects = {

/* Begin PBXBuildFile section */
		E2197B7A29FF5F2100CE63E7 /* ChangeStatusBarColorApp.swift in Sources */ = {isa = PBXBuildFile; fileRef = E2197B7929FF5F2100CE63E7 /* ChangeStatusBarColorApp.swift */; };
		E2197B7C29FF5F2100CE63E7 /* ContentView.swift in Sources */ = {isa = PBXBuildFile; fileRef = E2197B7B29FF5F2100CE63E7 /* ContentView.swift */; };
		E2197B7E29FF5F2200CE63E7 /* Assets.xcassets in Resources */ = {isa = PBXBuildFile; fileRef = E2197B7D29FF5F2200CE63E7 /* Assets.xcassets */; };
		E2197B8229FF5F2200CE63E7 /* Preview Assets.xcassets in Resources */ = {isa = PBXBuildFile; fileRef = E2197B8129FF5F2200CE63E7 /* Preview Assets.xcassets */; };
		E2197B8929FF9F8F00CE63E7 /* NextView.swift in Sources */ = {isa = PBXBuildFile; fileRef = E2197B8829FF9F8F00CE63E7 /* NextView.swift */; };
		E2197B8B2A01155400CE63E7 /* StatusBarConfigurator.swift in Sources */ = {isa = PBXBuildFile; fileRef = E2197B8A2A01155400CE63E7 /* StatusBarConfigurator.swift */; };
		E2197B8D2A011AE700CE63E7 /* AnotherTabView.swift in Sources */ = {isa = PBXBuildFile; fileRef = E2197B8C2A011AE700CE63E7 /* AnotherTabView.swift */; };
		E2197B8F2A01559200CE63E7 /* FirstTabView.swift in Sources */ = {isa = PBXBuildFile; fileRef = E2197B8E2A01559200CE63E7 /* FirstTabView.swift */; };
/* End PBXBuildFile section */

/* Begin PBXFileReference section */
		E2197B7629FF5F2100CE63E7 /* ChangeStatusBarColor.app */ = {isa = PBXFileReference; explicitFileType = wrapper.application; includeInIndex = 0; path = ChangeStatusBarColor.app; sourceTree = BUILT_PRODUCTS_DIR; };
		E2197B7929FF5F2100CE63E7 /* ChangeStatusBarColorApp.swift */ = {isa = PBXFileReference; lastKnownFileType = sourcecode.swift; path = ChangeStatusBarColorApp.swift; sourceTree = "<group>"; };
		E2197B7B29FF5F2100CE63E7 /* ContentView.swift */ = {isa = PBXFileReference; lastKnownFileType = sourcecode.swift; path = ContentView.swift; sourceTree = "<group>"; };
		E2197B7D29FF5F2200CE63E7 /* Assets.xcassets */ = {isa = PBXFileReference; lastKnownFileType = folder.assetcatalog; path = Assets.xcassets; sourceTree = "<group>"; };
		E2197B7F29FF5F2200CE63E7 /* ChangeStatusBarColor.entitlements */ = {isa = PBXFileReference; lastKnownFileType = text.plist.entitlements; path = ChangeStatusBarColor.entitlements; sourceTree = "<group>"; };
		E2197B8129FF5F2200CE63E7 /* Preview Assets.xcassets */ = {isa = PBXFileReference; lastKnownFileType = folder.assetcatalog; path = "Preview Assets.xcassets"; sourceTree = "<group>"; };
		E2197B8829FF9F8F00CE63E7 /* NextView.swift */ = {isa = PBXFileReference; lastKnownFileType = sourcecode.swift; path = NextView.swift; sourceTree = "<group>"; };
		E2197B8A2A01155400CE63E7 /* StatusBarConfigurator.swift */ = {isa = PBXFileReference; lastKnownFileType = sourcecode.swift; path = StatusBarConfigurator.swift; sourceTree = "<group>"; };
		E2197B8C2A011AE700CE63E7 /* AnotherTabView.swift */ = {isa = PBXFileReference; lastKnownFileType = sourcecode.swift; path = AnotherTabView.swift; sourceTree = "<group>"; };
		E2197B8E2A01559200CE63E7 /* FirstTabView.swift */ = {isa = PBXFileReference; lastKnownFileType = sourcecode.swift; path = FirstTabView.swift; sourceTree = "<group>"; };
/* End PBXFileReference section */

/* Begin PBXFrameworksBuildPhase section */
		E2197B7329FF5F2100CE63E7 /* Frameworks */ = {
			isa = PBXFrameworksBuildPhase;
			buildActionMask = 2147483647;
			files = (
			);
			runOnlyForDeploymentPostprocessing = 0;
		};
/* End PBXFrameworksBuildPhase section */

/* Begin PBXGroup section */
		E2197B6D29FF5F2100CE63E7 = {
			isa = PBXGroup;
			children = (
				E2197B7829FF5F2100CE63E7 /* ChangeStatusBarColor */,
				E2197B7729FF5F2100CE63E7 /* Products */,
			);
			sourceTree = "<group>";
		};
		E2197B7729FF5F2100CE63E7 /* Products */ = {
			isa = PBXGroup;
			children = (
				E2197B7629FF5F2100CE63E7 /* ChangeStatusBarColor.app */,
			);
			name = Products;
			sourceTree = "<group>";
		};
		E2197B7829FF5F2100CE63E7 /* ChangeStatusBarColor */ = {
			isa = PBXGroup;
			children = (
				E2197B7929FF5F2100CE63E7 /* ChangeStatusBarColorApp.swift */,
				E2197B7B29FF5F2100CE63E7 /* ContentView.swift */,
				E2197B8E2A01559200CE63E7 /* FirstTabView.swift */,
				E2197B8C2A011AE700CE63E7 /* AnotherTabView.swift */,
				E2197B8A2A01155400CE63E7 /* StatusBarConfigurator.swift */,
				E2197B8829FF9F8F00CE63E7 /* NextView.swift */,
				E2197B7D29FF5F2200CE63E7 /* Assets.xcassets */,
				E2197B7F29FF5F2200CE63E7 /* ChangeStatusBarColor.entitlements */,
				E2197B8029FF5F2200CE63E7 /* Preview Content */,
			);
			path = ChangeStatusBarColor;
			sourceTree = "<group>";
		};
		E2197B8029FF5F2200CE63E7 /* Preview Content */ = {
			isa = PBXGroup;
			children = (
				E2197B8129FF5F2200CE63E7 /* Preview Assets.xcassets */,
			);
			path = "Preview Content";
			sourceTree = "<group>";
		};
/* End PBXGroup section */

/* Begin PBXNativeTarget section */
		E2197B7529FF5F2100CE63E7 /* ChangeStatusBarColor */ = {
			isa = PBXNativeTarget;
			buildConfigurationList = E2197B8529FF5F2200CE63E7 /* Build configuration list for PBXNativeTarget "ChangeStatusBarColor" */;
			buildPhases = (
				E2197B7229FF5F2100CE63E7 /* Sources */,
				E2197B7329FF5F2100CE63E7 /* Frameworks */,
				E2197B7429FF5F2100CE63E7 /* Resources */,
			);
			buildRules = (
			);
			dependencies = (
			);
			name = ChangeStatusBarColor;
			productName = ChangeStatusBarColor;
			productReference = E2197B7629FF5F2100CE63E7 /* ChangeStatusBarColor.app */;
			productType = "com.apple.product-type.application";
		};
/* End PBXNativeTarget section */

/* Begin PBXProject section */
		E2197B6E29FF5F2100CE63E7 /* Project object */ = {
			isa = PBXProject;
			attributes = {
				BuildIndependentTargetsInParallel = 1;
				LastSwiftUpdateCheck = 1420;
				LastUpgradeCheck = 1420;
				TargetAttributes = {
					E2197B7529FF5F2100CE63E7 = {
						CreatedOnToolsVersion = 14.2;
					};
				};
			};
			buildConfigurationList = E2197B7129FF5F2100CE63E7 /* Build configuration list for PBXProject "ChangeStatusBarColor" */;
			compatibilityVersion = "Xcode 14.0";
			developmentRegion = en;
			hasScannedForEncodings = 0;
			knownRegions = (
				en,
				Base,
			);
			mainGroup = E2197B6D29FF5F2100CE63E7;
			productRefGroup = E2197B7729FF5F2100CE63E7 /* Products */;
			projectDirPath = "";
			projectRoot = "";
			targets = (
				E2197B7529FF5F2100CE63E7 /* ChangeStatusBarColor */,
			);
		};
/* End PBXProject section */

/* Begin PBXResourcesBuildPhase section */
		E2197B7429FF5F2100CE63E7 /* Resources */ = {
			isa = PBXResourcesBuildPhase;
			buildActionMask = 2147483647;
			files = (
				E2197B8229FF5F2200CE63E7 /* Preview Assets.xcassets in Resources */,
				E2197B7E29FF5F2200CE63E7 /* Assets.xcassets in Resources */,
			);
			runOnlyForDeploymentPostprocessing = 0;
		};
/* End PBXResourcesBuildPhase section */

/* Begin PBXSourcesBuildPhase section */
		E2197B7229FF5F2100CE63E7 /* Sources */ = {
			isa = PBXSourcesBuildPhase;
			buildActionMask = 2147483647;
			files = (
				E2197B7C29FF5F2100CE63E7 /* ContentView.swift in Sources */,
				E2197B8F2A01559200CE63E7 /* FirstTabView.swift in Sources */,
				E2197B8D2A011AE700CE63E7 /* AnotherTabView.swift in Sources */,
				E2197B7A29FF5F2100CE63E7 /* ChangeStatusBarColorApp.swift in Sources */,
				E2197B8B2A01155400CE63E7 /* StatusBarConfigurator.swift in Sources */,
				E2197B8929FF9F8F00CE63E7 /* NextView.swift in Sources */,
			);
			runOnlyForDeploymentPostprocessing = 0;
		};
/* End PBXSourcesBuildPhase section */

/* Begin XCBuildConfiguration section */
		E2197B8329FF5F2200CE63E7 /* Debug */ = {
			isa = XCBuildConfiguration;
			buildSettings = {
				ALWAYS_SEARCH_USER_PATHS = NO;
				CLANG_ANALYZER_NONNULL = YES;
				CLANG_ANALYZER_NUMBER_OBJECT_CONVERSION = YES_AGGRESSIVE;
				CLANG_CXX_LANGUAGE_STANDARD = "gnu++20";
				CLANG_ENABLE_MODULES = YES;
				CLANG_ENABLE_OBJC_ARC = YES;
				CLANG_ENABLE_OBJC_WEAK = YES;
				CLANG_WARN_BLOCK_CAPTURE_AUTORELEASING = YES;
				CLANG_WARN_BOOL_CONVERSION = YES;
				CLANG_WARN_COMMA = YES;
				CLANG_WARN_CONSTANT_CONVERSION = YES;
				CLANG_WARN_DEPRECATED_OBJC_IMPLEMENTATIONS = YES;
				CLANG_WARN_DIRECT_OBJC_ISA_USAGE = YES_ERROR;
				CLANG_WARN_DOCUMENTATION_COMMENTS = YES;
				CLANG_WARN_EMPTY_BODY = YES;
				CLANG_WARN_ENUM_CONVERSION = YES;
				CLANG_WARN_INFINITE_RECURSION = YES;
				CLANG_WARN_INT_CONVERSION = YES;
				CLANG_WARN_NON_LITERAL_NULL_CONVERSION = YES;
				CLANG_WARN_OBJC_IMPLICIT_RETAIN_SELF = YES;
				CLANG_WARN_OBJC_LITERAL_CONVERSION = YES;
				CLANG_WARN_OBJC_ROOT_CLASS = YES_ERROR;
				CLANG_WARN_QUOTED_INCLUDE_IN_FRAMEWORK_HEADER = YES;
				CLANG_WARN_RANGE_LOOP_ANALYSIS = YES;
				CLANG_WARN_STRICT_PROTOTYPES = YES;
				CLANG_WARN_SUSPICIOUS_MOVE = YES;
				CLANG_WARN_UNGUARDED_AVAILABILITY = YES_AGGRESSIVE;
				CLANG_WARN_UNREACHABLE_CODE = YES;
				CLANG_WARN__DUPLICATE_METHOD_MATCH = YES;
				COPY_PHASE_STRIP = NO;
				DEBUG_INFORMATION_FORMAT = dwarf;
				ENABLE_STRICT_OBJC_MSGSEND = YES;
				ENABLE_TESTABILITY = YES;
				GCC_C_LANGUAGE_STANDARD = gnu11;
				GCC_DYNAMIC_NO_PIC = NO;
				GCC_NO_COMMON_BLOCKS = YES;
				GCC_OPTIMIZATION_LEVEL = 0;
				GCC_PREPROCESSOR_DEFINITIONS = (
					"DEBUG=1",
					"$(inherited)",
				);
				GCC_WARN_64_TO_32_BIT_CONVERSION = YES;
				GCC_WARN_ABOUT_RETURN_TYPE = YES_ERROR;
				GCC_WARN_UNDECLARED_SELECTOR = YES;
				GCC_WARN_UNINITIALIZED_AUTOS = YES_AGGRESSIVE;
				GCC_WARN_UNUSED_FUNCTION = YES;
				GCC_WARN_UNUSED_VARIABLE = YES;
				MTL_ENABLE_DEBUG_INFO = INCLUDE_SOURCE;
				MTL_FAST_MATH = YES;
				ONLY_ACTIVE_ARCH = YES;
				SWIFT_ACTIVE_COMPILATION_CONDITIONS = DEBUG;
				SWIFT_OPTIMIZATION_LEVEL = "-Onone";
			};
			name = Debug;
		};
		E2197B8429FF5F2200CE63E7 /* Release */ = {
			isa = XCBuildConfiguration;
			buildSettings = {
				ALWAYS_SEARCH_USER_PATHS = NO;
				CLANG_ANALYZER_NONNULL = YES;
				CLANG_ANALYZER_NUMBER_OBJECT_CONVERSION = YES_AGGRESSIVE;
				CLANG_CXX_LANGUAGE_STANDARD = "gnu++20";
				CLANG_ENABLE_MODULES = YES;
				CLANG_ENABLE_OBJC_ARC = YES;
				CLANG_ENABLE_OBJC_WEAK = YES;
				CLANG_WARN_BLOCK_CAPTURE_AUTORELEASING = YES;
				CLANG_WARN_BOOL_CONVERSION = YES;
				CLANG_WARN_COMMA = YES;
				CLANG_WARN_CONSTANT_CONVERSION = YES;
				CLANG_WARN_DEPRECATED_OBJC_IMPLEMENTATIONS = YES;
				CLANG_WARN_DIRECT_OBJC_ISA_USAGE = YES_ERROR;
				CLANG_WARN_DOCUMENTATION_COMMENTS = YES;
				CLANG_WARN_EMPTY_BODY = YES;
				CLANG_WARN_ENUM_CONVERSION = YES;
				CLANG_WARN_INFINITE_RECURSION = YES;
				CLANG_WARN_INT_CONVERSION = YES;
				CLANG_WARN_NON_LITERAL_NULL_CONVERSION = YES;
				CLANG_WARN_OBJC_IMPLICIT_RETAIN_SELF = YES;
				CLANG_WARN_OBJC_LITERAL_CONVERSION = YES;
				CLANG_WARN_OBJC_ROOT_CLASS = YES_ERROR;
				CLANG_WARN_QUOTED_INCLUDE_IN_FRAMEWORK_HEADER = YES;
				CLANG_WARN_RANGE_LOOP_ANALYSIS = YES;
				CLANG_WARN_STRICT_PROTOTYPES = YES;
				CLANG_WARN_SUSPICIOUS_MOVE = YES;
				CLANG_WARN_UNGUARDED_AVAILABILITY = YES_AGGRESSIVE;
				CLANG_WARN_UNREACHABLE_CODE = YES;
				CLANG_WARN__DUPLICATE_METHOD_MATCH = YES;
				COPY_PHASE_STRIP = NO;
				DEBUG_INFORMATION_FORMAT = "dwarf-with-dsym";
				ENABLE_NS_ASSERTIONS = NO;
				ENABLE_STRICT_OBJC_MSGSEND = YES;
				GCC_C_LANGUAGE_STANDARD = gnu11;
				GCC_NO_COMMON_BLOCKS = YES;
				GCC_WARN_64_TO_32_BIT_CONVERSION = YES;
				GCC_WARN_ABOUT_RETURN_TYPE = YES_ERROR;
				GCC_WARN_UNDECLARED_SELECTOR = YES;
				GCC_WARN_UNINITIALIZED_AUTOS = YES_AGGRESSIVE;
				GCC_WARN_UNUSED_FUNCTION = YES;
				GCC_WARN_UNUSED_VARIABLE = YES;
				MTL_ENABLE_DEBUG_INFO = NO;
				MTL_FAST_MATH = YES;
				SWIFT_COMPILATION_MODE = wholemodule;
				SWIFT_OPTIMIZATION_LEVEL = "-O";
			};
			name = Release;
		};
		E2197B8629FF5F2200CE63E7 /* Debug */ = {
			isa = XCBuildConfiguration;
			buildSettings = {
				ASSETCATALOG_COMPILER_APPICON_NAME = AppIcon;
				ASSETCATALOG_COMPILER_GLOBAL_ACCENT_COLOR_NAME = AccentColor;
				CODE_SIGN_ENTITLEMENTS = ChangeStatusBarColor/ChangeStatusBarColor.entitlements;
				CODE_SIGN_STYLE = Automatic;
				CURRENT_PROJECT_VERSION = 1;
				DEVELOPMENT_ASSET_PATHS = "\"ChangeStatusBarColor/Preview Content\"";
				ENABLE_PREVIEWS = YES;
				GENERATE_INFOPLIST_FILE = YES;
				"INFOPLIST_KEY_UIApplicationSceneManifest_Generation[sdk=iphoneos*]" = YES;
				"INFOPLIST_KEY_UIApplicationSceneManifest_Generation[sdk=iphonesimulator*]" = YES;
				"INFOPLIST_KEY_UIApplicationSupportsIndirectInputEvents[sdk=iphoneos*]" = YES;
				"INFOPLIST_KEY_UIApplicationSupportsIndirectInputEvents[sdk=iphonesimulator*]" = YES;
				"INFOPLIST_KEY_UILaunchScreen_Generation[sdk=iphoneos*]" = YES;
				"INFOPLIST_KEY_UILaunchScreen_Generation[sdk=iphonesimulator*]" = YES;
				"INFOPLIST_KEY_UIStatusBarStyle[sdk=iphoneos*]" = UIStatusBarStyleDefault;
				"INFOPLIST_KEY_UIStatusBarStyle[sdk=iphonesimulator*]" = UIStatusBarStyleDefault;
				INFOPLIST_KEY_UISupportedInterfaceOrientations_iPad = "UIInterfaceOrientationPortrait UIInterfaceOrientationPortraitUpsideDown UIInterfaceOrientationLandscapeLeft UIInterfaceOrientationLandscapeRight";
				INFOPLIST_KEY_UISupportedInterfaceOrientations_iPhone = "UIInterfaceOrientationPortrait UIInterfaceOrientationLandscapeLeft UIInterfaceOrientationLandscapeRight";
				IPHONEOS_DEPLOYMENT_TARGET = 16.2;
				LD_RUNPATH_SEARCH_PATHS = "@executable_path/Frameworks";
				"LD_RUNPATH_SEARCH_PATHS[sdk=macosx*]" = "@executable_path/../Frameworks";
				MACOSX_DEPLOYMENT_TARGET = 13.0;
				MARKETING_VERSION = 1.0;
				PRODUCT_BUNDLE_IDENTIFIER = com.doAThingOrTwo.ChangeStatusBarColor;
				PRODUCT_NAME = "$(TARGET_NAME)";
				SDKROOT = auto;
				SUPPORTED_PLATFORMS = "iphoneos iphonesimulator macosx";
				SWIFT_EMIT_LOC_STRINGS = YES;
				SWIFT_VERSION = 5.0;
				TARGETED_DEVICE_FAMILY = "1,2";
			};
			name = Debug;
		};
		E2197B8729FF5F2200CE63E7 /* Release */ = {
			isa = XCBuildConfiguration;
			buildSettings = {
				ASSETCATALOG_COMPILER_APPICON_NAME = AppIcon;
				ASSETCATALOG_COMPILER_GLOBAL_ACCENT_COLOR_NAME = AccentColor;
				CODE_SIGN_ENTITLEMENTS = ChangeStatusBarColor/ChangeStatusBarColor.entitlements;
				CODE_SIGN_STYLE = Automatic;
				CURRENT_PROJECT_VERSION = 1;
				DEVELOPMENT_ASSET_PATHS = "\"ChangeStatusBarColor/Preview Content\"";
				ENABLE_PREVIEWS = YES;
				GENERATE_INFOPLIST_FILE = YES;
				"INFOPLIST_KEY_UIApplicationSceneManifest_Generation[sdk=iphoneos*]" = YES;
				"INFOPLIST_KEY_UIApplicationSceneManifest_Generation[sdk=iphonesimulator*]" = YES;
				"INFOPLIST_KEY_UIApplicationSupportsIndirectInputEvents[sdk=iphoneos*]" = YES;
				"INFOPLIST_KEY_UIApplicationSupportsIndirectInputEvents[sdk=iphonesimulator*]" = YES;
				"INFOPLIST_KEY_UILaunchScreen_Generation[sdk=iphoneos*]" = YES;
				"INFOPLIST_KEY_UILaunchScreen_Generation[sdk=iphonesimulator*]" = YES;
				"INFOPLIST_KEY_UIStatusBarStyle[sdk=iphoneos*]" = UIStatusBarStyleDefault;
				"INFOPLIST_KEY_UIStatusBarStyle[sdk=iphonesimulator*]" = UIStatusBarStyleDefault;
				INFOPLIST_KEY_UISupportedInterfaceOrientations_iPad = "UIInterfaceOrientationPortrait UIInterfaceOrientationPortraitUpsideDown UIInterfaceOrientationLandscapeLeft UIInterfaceOrientationLandscapeRight";
				INFOPLIST_KEY_UISupportedInterfaceOrientations_iPhone = "UIInterfaceOrientationPortrait UIInterfaceOrientationLandscapeLeft UIInterfaceOrientationLandscapeRight";
				IPHONEOS_DEPLOYMENT_TARGET = 16.2;
				LD_RUNPATH_SEARCH_PATHS = "@executable_path/Frameworks";
				"LD_RUNPATH_SEARCH_PATHS[sdk=macosx*]" = "@executable_path/../Frameworks";
				MACOSX_DEPLOYMENT_TARGET = 13.0;
				MARKETING_VERSION = 1.0;
				PRODUCT_BUNDLE_IDENTIFIER = com.doAThingOrTwo.ChangeStatusBarColor;
				PRODUCT_NAME = "$(TARGET_NAME)";
				SDKROOT = auto;
				SUPPORTED_PLATFORMS = "iphoneos iphonesimulator macosx";
				SWIFT_EMIT_LOC_STRINGS = YES;
				SWIFT_VERSION = 5.0;
				TARGETED_DEVICE_FAMILY = "1,2";
			};
			name = Release;
		};
/* End XCBuildConfiguration section */

/* Begin XCConfigurationList section */
		E2197B7129FF5F2100CE63E7 /* Build configuration list for PBXProject "ChangeStatusBarColor" */ = {
			isa = XCConfigurationList;
			buildConfigurations = (
				E2197B8329FF5F2200CE63E7 /* Debug */,
				E2197B8429FF5F2200CE63E7 /* Release */,
			);
			defaultConfigurationIsVisible = 0;
			defaultConfigurationName = Release;
		};
		E2197B8529FF5F2200CE63E7 /* Build configuration list for PBXNativeTarget "ChangeStatusBarColor" */ = {
			isa = XCConfigurationList;
			buildConfigurations = (
				E2197B8629FF5F2200CE63E7 /* Debug */,
				E2197B8729FF5F2200CE63E7 /* Release */,
			);
			defaultConfigurationIsVisible = 0;
			defaultConfigurationName = Release;
		};
/* End XCConfigurationList section */
	};
	rootObject = E2197B6E29FF5F2100CE63E7 /* Project object */;
}
